
Microsoft Visual Studio Solution File, Format Version 12.00
# Visual Studio Version 17
VisualStudioVersion = 17.0.32112.339
MinimumVisualStudioVersion = 10.0.40219.1
Project("{8BC9CEB8-8B4A-11D0-8D11-00A0C91BC942}") = "IfAndSwitch", "IfAndSwitch\IfAndSwitch.vcxproj", "{5B60ED46-D0A5-4803-9826-04476426CA13}"
EndProject
Project("{8BC9CEB8-8B4A-11D0-8D11-00A0C91BC942}") = "LoopsWithACounter", "LoopsWithACounter\LoopsWithACounter.vcxproj", "{69093C9C-A222-42AB-8880-F2084FC74C2F}"
EndProject
Project("{8BC9CEB8-8B4A-11D0-8D11-00A0C91BC942}") = "Arrays", "Arrays\Arrays.vcxproj", "{08D2E9BF-D44E-4069-8CF3-81CED091EBDB}"
EndProject
Project("{8BC9CEB8-8B4A-11D0-8D11-00A0C91BC942}") = "TwoDimensional", "TwoDimensional\TwoDimensional.vcxproj", "{13523825-13EA-4BAB-9D5A-B7FE65E887C1}"
EndProject
Project("{9A19103F-16F7-4668-BE54-9A1E7A4F7556}") = "DecimalToBinaryConverter", "DecimalToBinaryConverter\DecimalToBinaryConverter.csproj", "{A8BC037B-AE83-4ED8-9936-DFAAA9AFE25A}"
EndProject
Project("{FAE04EC0-301F-11D3-BF4B-00C04F79EFBC}") = "ListItemsMultiplication", "ListItemsMultiplication\ListItemsMultiplication.csproj", "{4510971B-58E2-43EE-9D47-F7EBDDA28517}"
EndProject
Project("{FAE04EC0-301F-11D3-BF4B-00C04F79EFBC}") = "PR8", "PR8\PR8.csproj", "{92BB7B0B-08D5-41AE-B64A-156FCF90E4E0}"
EndProject
Project("{FAE04EC0-301F-11D3-BF4B-00C04F79EFBC}") = "Sets", "Sets\Sets.csproj", "{1A85C4C5-E2F7-46ED-8A8D-B8094D7AD681}"
EndProject
Project("{FAE04EC0-301F-11D3-BF4B-00C04F79EFBC}") = "WorkWithRecords", "WorkWithRecords\WorkWithRecords.csproj", "{EB0A4F7C-852A-4B0E-A126-770865A9030B}"
EndProject
Project("{2150E333-8FDC-42A3-9474-1A3956D46DE8}") = "C++", "C++", "{85963772-C52B-4314-8EDF-69EB0CD36623}"
EndProject
Project("{2150E333-8FDC-42A3-9474-1A3956D46DE8}") = "C-Sharp", "C-Sharp", "{D4EC44FB-6B3C-4E2B-8266-2307B6E108E7}"
EndProject
Project("{9A19103F-16F7-4668-BE54-9A1E7A4F7556}") = "RGR", "RGR\RGR.csproj", "{B1DA5525-2FA5-4D9F-8A46-F55AE7D23A90}"
EndProject
Project("{9A19103F-16F7-4668-BE54-9A1E7A4F7556}") = "WorkWithFiles", "AlgorithmAndDataStructure\WorkWithFiles.csproj", "{E5739865-711B-4DD8-83E0-6B5686BC1388}"
EndProject
Global
	GlobalSection(SolutionConfigurationPlatforms) = preSolution
		Debug|Any CPU = Debug|Any CPU
		Debug|x64 = Debug|x64
		Debug|x86 = Debug|x86
		Release|Any CPU = Release|Any CPU
		Release|x64 = Release|x64
		Release|x86 = Release|x86
	EndGlobalSection
	GlobalSection(ProjectConfigurationPlatforms) = postSolution
		{5B60ED46-D0A5-4803-9826-04476426CA13}.Debug|Any CPU.ActiveCfg = Debug|x64
		{5B60ED46-D0A5-4803-9826-04476426CA13}.Debug|Any CPU.Build.0 = Debug|x64
		{5B60ED46-D0A5-4803-9826-04476426CA13}.Debug|x64.ActiveCfg = Debug|x64
		{5B60ED46-D0A5-4803-9826-04476426CA13}.Debug|x64.Build.0 = Debug|x64
		{5B60ED46-D0A5-4803-9826-04476426CA13}.Debug|x86.ActiveCfg = Debug|Win32
		{5B60ED46-D0A5-4803-9826-04476426CA13}.Debug|x86.Build.0 = Debug|Win32
		{5B60ED46-D0A5-4803-9826-04476426CA13}.Release|Any CPU.ActiveCfg = Release|x64
		{5B60ED46-D0A5-4803-9826-04476426CA13}.Release|Any CPU.Build.0 = Release|x64
		{5B60ED46-D0A5-4803-9826-04476426CA13}.Release|x64.ActiveCfg = Release|x64
		{5B60ED46-D0A5-4803-9826-04476426CA13}.Release|x64.Build.0 = Release|x64
		{5B60ED46-D0A5-4803-9826-04476426CA13}.Release|x86.ActiveCfg = Release|Win32
		{5B60ED46-D0A5-4803-9826-04476426CA13}.Release|x86.Build.0 = Release|Win32
		{69093C9C-A222-42AB-8880-F2084FC74C2F}.Debug|Any CPU.ActiveCfg = Debug|x64
		{69093C9C-A222-42AB-8880-F2084FC74C2F}.Debug|Any CPU.Build.0 = Debug|x64
		{69093C9C-A222-42AB-8880-F2084FC74C2F}.Debug|x64.ActiveCfg = Debug|x64
		{69093C9C-A222-42AB-8880-F2084FC74C2F}.Debug|x64.Build.0 = Debug|x64
		{69093C9C-A222-42AB-8880-F2084FC74C2F}.Debug|x86.ActiveCfg = Debug|Win32
		{69093C9C-A222-42AB-8880-F2084FC74C2F}.Debug|x86.Build.0 = Debug|Win32
		{69093C9C-A222-42AB-8880-F2084FC74C2F}.Release|Any CPU.ActiveCfg = Release|x64
		{69093C9C-A222-42AB-8880-F2084FC74C2F}.Release|Any CPU.Build.0 = Release|x64
		{69093C9C-A222-42AB-8880-F2084FC74C2F}.Release|x64.ActiveCfg = Release|x64
		{69093C9C-A222-42AB-8880-F2084FC74C2F}.Release|x64.Build.0 = Release|x64
		{69093C9C-A222-42AB-8880-F2084FC74C2F}.Release|x86.ActiveCfg = Release|Win32
		{69093C9C-A222-42AB-8880-F2084FC74C2F}.Release|x86.Build.0 = Release|Win32
		{08D2E9BF-D44E-4069-8CF3-81CED091EBDB}.Debug|Any CPU.ActiveCfg = Debug|x64
		{08D2E9BF-D44E-4069-8CF3-81CED091EBDB}.Debug|Any CPU.Build.0 = Debug|x64
		{08D2E9BF-D44E-4069-8CF3-81CED091EBDB}.Debug|x64.ActiveCfg = Debug|x64
		{08D2E9BF-D44E-4069-8CF3-81CED091EBDB}.Debug|x64.Build.0 = Debug|x64
		{08D2E9BF-D44E-4069-8CF3-81CED091EBDB}.Debug|x86.ActiveCfg = Debug|Win32
		{08D2E9BF-D44E-4069-8CF3-81CED091EBDB}.Debug|x86.Build.0 = Debug|Win32
		{08D2E9BF-D44E-4069-8CF3-81CED091EBDB}.Release|Any CPU.ActiveCfg = Release|x64
		{08D2E9BF-D44E-4069-8CF3-81CED091EBDB}.Release|Any CPU.Build.0 = Release|x64
		{08D2E9BF-D44E-4069-8CF3-81CED091EBDB}.Release|x64.ActiveCfg = Release|x64
		{08D2E9BF-D44E-4069-8CF3-81CED091EBDB}.Release|x64.Build.0 = Release|x64
		{08D2E9BF-D44E-4069-8CF3-81CED091EBDB}.Release|x86.ActiveCfg = Release|Win32
		{08D2E9BF-D44E-4069-8CF3-81CED091EBDB}.Release|x86.Build.0 = Release|Win32
		{13523825-13EA-4BAB-9D5A-B7FE65E887C1}.Debug|Any CPU.ActiveCfg = Debug|x64
		{13523825-13EA-4BAB-9D5A-B7FE65E887C1}.Debug|Any CPU.Build.0 = Debug|x64
		{13523825-13EA-4BAB-9D5A-B7FE65E887C1}.Debug|x64.ActiveCfg = Debug|x64
		{13523825-13EA-4BAB-9D5A-B7FE65E887C1}.Debug|x64.Build.0 = Debug|x64
		{13523825-13EA-4BAB-9D5A-B7FE65E887C1}.Debug|x86.ActiveCfg = Debug|Win32
		{13523825-13EA-4BAB-9D5A-B7FE65E887C1}.Debug|x86.Build.0 = Debug|Win32
		{13523825-13EA-4BAB-9D5A-B7FE65E887C1}.Release|Any CPU.ActiveCfg = Release|x64
		{13523825-13EA-4BAB-9D5A-B7FE65E887C1}.Release|Any CPU.Build.0 = Release|x64
		{13523825-13EA-4BAB-9D5A-B7FE65E887C1}.Release|x64.ActiveCfg = Release|x64
		{13523825-13EA-4BAB-9D5A-B7FE65E887C1}.Release|x64.Build.0 = Release|x64
		{13523825-13EA-4BAB-9D5A-B7FE65E887C1}.Release|x86.ActiveCfg = Release|Win32
		{13523825-13EA-4BAB-9D5A-B7FE65E887C1}.Release|x86.Build.0 = Release|Win32
		{A8BC037B-AE83-4ED8-9936-DFAAA9AFE25A}.Debug|Any CPU.ActiveCfg = Debug|Any CPU
		{A8BC037B-AE83-4ED8-9936-DFAAA9AFE25A}.Debug|Any CPU.Build.0 = Debug|Any CPU
		{A8BC037B-AE83-4ED8-9936-DFAAA9AFE25A}.Debug|x64.ActiveCfg = Debug|Any CPU
		{A8BC037B-AE83-4ED8-9936-DFAAA9AFE25A}.Debug|x64.Build.0 = Debug|Any CPU
		{A8BC037B-AE83-4ED8-9936-DFAAA9AFE25A}.Debug|x86.ActiveCfg = Debug|Any CPU
		{A8BC037B-AE83-4ED8-9936-DFAAA9AFE25A}.Debug|x86.Build.0 = Debug|Any CPU
		{A8BC037B-AE83-4ED8-9936-DFAAA9AFE25A}.Release|Any CPU.ActiveCfg = Release|Any CPU
		{A8BC037B-AE83-4ED8-9936-DFAAA9AFE25A}.Release|Any CPU.Build.0 = Release|Any CPU
		{A8BC037B-AE83-4ED8-9936-DFAAA9AFE25A}.Release|x64.ActiveCfg = Release|Any CPU
		{A8BC037B-AE83-4ED8-9936-DFAAA9AFE25A}.Release|x64.Build.0 = Release|Any CPU
		{A8BC037B-AE83-4ED8-9936-DFAAA9AFE25A}.Release|x86.ActiveCfg = Release|Any CPU
		{A8BC037B-AE83-4ED8-9936-DFAAA9AFE25A}.Release|x86.Build.0 = Release|Any CPU
		{4510971B-58E2-43EE-9D47-F7EBDDA28517}.Debug|Any CPU.ActiveCfg = Debug|Any CPU
		{4510971B-58E2-43EE-9D47-F7EBDDA28517}.Debug|Any CPU.Build.0 = Debug|Any CPU
		{4510971B-58E2-43EE-9D47-F7EBDDA28517}.Debug|x64.ActiveCfg = Debug|Any CPU
		{4510971B-58E2-43EE-9D47-F7EBDDA28517}.Debug|x64.Build.0 = Debug|Any CPU
		{4510971B-58E2-43EE-9D47-F7EBDDA28517}.Debug|x86.ActiveCfg = Debug|Any CPU
		{4510971B-58E2-43EE-9D47-F7EBDDA28517}.Debug|x86.Build.0 = Debug|Any CPU
		{4510971B-58E2-43EE-9D47-F7EBDDA28517}.Release|Any CPU.ActiveCfg = Release|Any CPU
		{4510971B-58E2-43EE-9D47-F7EBDDA28517}.Release|Any CPU.Build.0 = Release|Any CPU
		{4510971B-58E2-43EE-9D47-F7EBDDA28517}.Release|x64.ActiveCfg = Release|Any CPU
		{4510971B-58E2-43EE-9D47-F7EBDDA28517}.Release|x64.Build.0 = Release|Any CPU
		{4510971B-58E2-43EE-9D47-F7EBDDA28517}.Release|x86.ActiveCfg = Release|Any CPU
		{4510971B-58E2-43EE-9D47-F7EBDDA28517}.Release|x86.Build.0 = Release|Any CPU
		{92BB7B0B-08D5-41AE-B64A-156FCF90E4E0}.Debug|Any CPU.ActiveCfg = Debug|Any CPU
		{92BB7B0B-08D5-41AE-B64A-156FCF90E4E0}.Debug|Any CPU.Build.0 = Debug|Any CPU
		{92BB7B0B-08D5-41AE-B64A-156FCF90E4E0}.Debug|x64.ActiveCfg = Debug|Any CPU
		{92BB7B0B-08D5-41AE-B64A-156FCF90E4E0}.Debug|x64.Build.0 = Debug|Any CPU
		{92BB7B0B-08D5-41AE-B64A-156FCF90E4E0}.Debug|x86.ActiveCfg = Debug|Any CPU
		{92BB7B0B-08D5-41AE-B64A-156FCF90E4E0}.Debug|x86.Build.0 = Debug|Any CPU
		{92BB7B0B-08D5-41AE-B64A-156FCF90E4E0}.Release|Any CPU.ActiveCfg = Release|Any CPU
		{92BB7B0B-08D5-41AE-B64A-156FCF90E4E0}.Release|Any CPU.Build.0 = Release|Any CPU
		{92BB7B0B-08D5-41AE-B64A-156FCF90E4E0}.Release|x64.ActiveCfg = Release|Any CPU
		{92BB7B0B-08D5-41AE-B64A-156FCF90E4E0}.Release|x64.Build.0 = Release|Any CPU
		{92BB7B0B-08D5-41AE-B64A-156FCF90E4E0}.Release|x86.ActiveCfg = Release|Any CPU
		{92BB7B0B-08D5-41AE-B64A-156FCF90E4E0}.Release|x86.Build.0 = Release|Any CPU
		{1A85C4C5-E2F7-46ED-8A8D-B8094D7AD681}.Debug|Any CPU.ActiveCfg = Debug|Any CPU
		{1A85C4C5-E2F7-46ED-8A8D-B8094D7AD681}.Debug|Any CPU.Build.0 = Debug|Any CPU
		{1A85C4C5-E2F7-46ED-8A8D-B8094D7AD681}.Debug|x64.ActiveCfg = Debug|Any CPU
		{1A85C4C5-E2F7-46ED-8A8D-B8094D7AD681}.Debug|x64.Build.0 = Debug|Any CPU
		{1A85C4C5-E2F7-46ED-8A8D-B8094D7AD681}.Debug|x86.ActiveCfg = Debug|Any CPU
		{1A85C4C5-E2F7-46ED-8A8D-B8094D7AD681}.Debug|x86.Build.0 = Debug|Any CPU
		{1A85C4C5-E2F7-46ED-8A8D-B8094D7AD681}.Release|Any CPU.ActiveCfg = Release|Any CPU
		{1A85C4C5-E2F7-46ED-8A8D-B8094D7AD681}.Release|Any CPU.Build.0 = Release|Any CPU
		{1A85C4C5-E2F7-46ED-8A8D-B8094D7AD681}.Release|x64.ActiveCfg = Release|Any CPU
		{1A85C4C5-E2F7-46ED-8A8D-B8094D7AD681}.Release|x64.Build.0 = Release|Any CPU
		{1A85C4C5-E2F7-46ED-8A8D-B8094D7AD681}.Release|x86.ActiveCfg = Release|Any CPU
		{1A85C4C5-E2F7-46ED-8A8D-B8094D7AD681}.Release|x86.Build.0 = Release|Any CPU
		{EB0A4F7C-852A-4B0E-A126-770865A9030B}.Debug|Any CPU.ActiveCfg = Debug|Any CPU
		{EB0A4F7C-852A-4B0E-A126-770865A9030B}.Debug|Any CPU.Build.0 = Debug|Any CPU
		{EB0A4F7C-852A-4B0E-A126-770865A9030B}.Debug|x64.ActiveCfg = Debug|Any CPU
		{EB0A4F7C-852A-4B0E-A126-770865A9030B}.Debug|x64.Build.0 = Debug|Any CPU
		{EB0A4F7C-852A-4B0E-A126-770865A9030B}.Debug|x86.ActiveCfg = Debug|Any CPU
		{EB0A4F7C-852A-4B0E-A126-770865A9030B}.Debug|x86.Build.0 = Debug|Any CPU
		{EB0A4F7C-852A-4B0E-A126-770865A9030B}.Release|Any CPU.ActiveCfg = Release|Any CPU
		{EB0A4F7C-852A-4B0E-A126-770865A9030B}.Release|Any CPU.Build.0 = Release|Any CPU
		{EB0A4F7C-852A-4B0E-A126-770865A9030B}.Release|x64.ActiveCfg = Release|Any CPU
		{EB0A4F7C-852A-4B0E-A126-770865A9030B}.Release|x64.Build.0 = Release|Any CPU
		{EB0A4F7C-852A-4B0E-A126-770865A9030B}.Release|x86.ActiveCfg = Release|Any CPU
		{EB0A4F7C-852A-4B0E-A126-770865A9030B}.Release|x86.Build.0 = Release|Any CPU
		{B1DA5525-2FA5-4D9F-8A46-F55AE7D23A90}.Debug|Any CPU.ActiveCfg = Debug|Any CPU
		{B1DA5525-2FA5-4D9F-8A46-F55AE7D23A90}.Debug|Any CPU.Build.0 = Debug|Any CPU
		{B1DA5525-2FA5-4D9F-8A46-F55AE7D23A90}.Debug|x64.ActiveCfg = Debug|Any CPU
		{B1DA5525-2FA5-4D9F-8A46-F55AE7D23A90}.Debug|x64.Build.0 = Debug|Any CPU
		{B1DA5525-2FA5-4D9F-8A46-F55AE7D23A90}.Debug|x86.ActiveCfg = Debug|Any CPU
		{B1DA5525-2FA5-4D9F-8A46-F55AE7D23A90}.Debug|x86.Build.0 = Debug|Any CPU
		{B1DA5525-2FA5-4D9F-8A46-F55AE7D23A90}.Release|Any CPU.ActiveCfg = Release|Any CPU
		{B1DA5525-2FA5-4D9F-8A46-F55AE7D23A90}.Release|Any CPU.Build.0 = Release|Any CPU
		{B1DA5525-2FA5-4D9F-8A46-F55AE7D23A90}.Release|x64.ActiveCfg = Release|Any CPU
		{B1DA5525-2FA5-4D9F-8A46-F55AE7D23A90}.Release|x64.Build.0 = Release|Any CPU
		{B1DA5525-2FA5-4D9F-8A46-F55AE7D23A90}.Release|x86.ActiveCfg = Release|Any CPU
		{B1DA5525-2FA5-4D9F-8A46-F55AE7D23A90}.Release|x86.Build.0 = Release|Any CPU
		{E5739865-711B-4DD8-83E0-6B5686BC1388}.Debug|Any CPU.ActiveCfg = Debug|Any CPU
		{E5739865-711B-4DD8-83E0-6B5686BC1388}.Debug|Any CPU.Build.0 = Debug|Any CPU
		{E5739865-711B-4DD8-83E0-6B5686BC1388}.Debug|x64.ActiveCfg = Debug|Any CPU
		{E5739865-711B-4DD8-83E0-6B5686BC1388}.Debug|x64.Build.0 = Debug|Any CPU
		{E5739865-711B-4DD8-83E0-6B5686BC1388}.Debug|x86.ActiveCfg = Debug|Any CPU
		{E5739865-711B-4DD8-83E0-6B5686BC1388}.Debug|x86.Build.0 = Debug|Any CPU
		{E5739865-711B-4DD8-83E0-6B5686BC1388}.Release|Any CPU.ActiveCfg = Release|Any CPU
		{E5739865-711B-4DD8-83E0-6B5686BC1388}.Release|Any CPU.Build.0 = Release|Any CPU
		{E5739865-711B-4DD8-83E0-6B5686BC1388}.Release|x64.ActiveCfg = Release|Any CPU
		{E5739865-711B-4DD8-83E0-6B5686BC1388}.Release|x64.Build.0 = Release|Any CPU
		{E5739865-711B-4DD8-83E0-6B5686BC1388}.Release|x86.ActiveCfg = Release|Any CPU
		{E5739865-711B-4DD8-83E0-6B5686BC1388}.Release|x86.Build.0 = Release|Any CPU
	EndGlobalSection
	GlobalSection(SolutionProperties) = preSolution
		HideSolutionNode = FALSE
	EndGlobalSection
	GlobalSection(NestedProjects) = preSolution
		{5B60ED46-D0A5-4803-9826-04476426CA13} = {85963772-C52B-4314-8EDF-69EB0CD36623}
		{69093C9C-A222-42AB-8880-F2084FC74C2F} = {85963772-C52B-4314-8EDF-69EB0CD36623}
		{08D2E9BF-D44E-4069-8CF3-81CED091EBDB} = {85963772-C52B-4314-8EDF-69EB0CD36623}
		{13523825-13EA-4BAB-9D5A-B7FE65E887C1} = {85963772-C52B-4314-8EDF-69EB0CD36623}
		{A8BC037B-AE83-4ED8-9936-DFAAA9AFE25A} = {D4EC44FB-6B3C-4E2B-8266-2307B6E108E7}
		{4510971B-58E2-43EE-9D47-F7EBDDA28517} = {D4EC44FB-6B3C-4E2B-8266-2307B6E108E7}
		{92BB7B0B-08D5-41AE-B64A-156FCF90E4E0} = {D4EC44FB-6B3C-4E2B-8266-2307B6E108E7}
		{1A85C4C5-E2F7-46ED-8A8D-B8094D7AD681} = {D4EC44FB-6B3C-4E2B-8266-2307B6E108E7}
		{EB0A4F7C-852A-4B0E-A126-770865A9030B} = {D4EC44FB-6B3C-4E2B-8266-2307B6E108E7}
		{B1DA5525-2FA5-4D9F-8A46-F55AE7D23A90} = {D4EC44FB-6B3C-4E2B-8266-2307B6E108E7}
		{E5739865-711B-4DD8-83E0-6B5686BC1388} = {D4EC44FB-6B3C-4E2B-8266-2307B6E108E7}
	EndGlobalSection
	GlobalSection(ExtensibilityGlobals) = postSolution
		SolutionGuid = {C1DBC4A5-12FD-423A-B186-F844627378C6}
	EndGlobalSection
EndGlobal
